{
  "version": 4,
  "terraform_version": "1.9.7",
  "serial": 1,
  "lineage": "a95ec006-c7e2-7971-76f5-5c71cd39aea4",
  "outputs": {},
  "resources": [
    {
      "mode": "managed",
      "type": "spotify_playlist",
      "name": "Rock",
      "provider": "provider[\"registry.terraform.io/conradludgate/spotify\"]",
      "instances": [
        {
          "schema_version": 0,
          "attributes": {
            "description": null,
            "id": "7hwY0SUuUOr24khdnuBe7N",
            "name": "Rock",
            "public": true,
            "snapshot_id": "AAAAAmAEKgltCz60tykrbJcRGHDB7XGD",
            "tracks": [
              "7k3jpyYPnVnbO0p7iejWxL",
              "6fABlNfAOylt7ZxfX8K1XL"
            ]
          },
          "sensitive_attributes": [],
          "private": "bnVsbA=="
        }
      ]
    }
  ],
  "check_results": null
}
